
Microsoft Visual Studio Solution File, Format Version 12.00
# Visual Studio Version 17
VisualStudioVersion = 17.0.31903.59
MinimumVisualStudioVersion = 10.0.40219.1
Project("{FAE04EC0-301F-11D3-BF4B-00C04F79EFBC}") = "API", "API\API.csproj", "{AF5F8A2B-03A8-42F7-B46F-C4316C5FA6B8}"
EndProject
Project("{FAE04EC0-301F-11D3-BF4B-00C04F79EFBC}") = "Application", "Application\Application.csproj", "{F80FC073-962D-46CB-81CE-C3B6467BB727}"
EndProject
Project("{FAE04EC0-301F-11D3-BF4B-00C04F79EFBC}") = "Domain", "Domain\Domain.csproj", "{FFA547C4-1643-42FC-8C0E-F37A5E8B4A03}"
EndProject
Project("{FAE04EC0-301F-11D3-BF4B-00C04F79EFBC}") = "Persistence", "Persistence\Persistence.csproj", "{404CBB10-85F8-44DB-982D-B2BFA7DF06F0}"
EndProject
Global
	GlobalSection(SolutionConfigurationPlatforms) = preSolution
		Debug|Any CPU = Debug|Any CPU
		Release|Any CPU = Release|Any CPU
	EndGlobalSection
	GlobalSection(SolutionProperties) = preSolution
		HideSolutionNode = FALSE
	EndGlobalSection
	GlobalSection(ProjectConfigurationPlatforms) = postSolution
		{AF5F8A2B-03A8-42F7-B46F-C4316C5FA6B8}.Debug|Any CPU.ActiveCfg = Debug|Any CPU
		{AF5F8A2B-03A8-42F7-B46F-C4316C5FA6B8}.Debug|Any CPU.Build.0 = Debug|Any CPU
		{AF5F8A2B-03A8-42F7-B46F-C4316C5FA6B8}.Release|Any CPU.ActiveCfg = Release|Any CPU
		{AF5F8A2B-03A8-42F7-B46F-C4316C5FA6B8}.Release|Any CPU.Build.0 = Release|Any CPU
		{F80FC073-962D-46CB-81CE-C3B6467BB727}.Debug|Any CPU.ActiveCfg = Debug|Any CPU
		{F80FC073-962D-46CB-81CE-C3B6467BB727}.Debug|Any CPU.Build.0 = Debug|Any CPU
		{F80FC073-962D-46CB-81CE-C3B6467BB727}.Release|Any CPU.ActiveCfg = Release|Any CPU
		{F80FC073-962D-46CB-81CE-C3B6467BB727}.Release|Any CPU.Build.0 = Release|Any CPU
		{FFA547C4-1643-42FC-8C0E-F37A5E8B4A03}.Debug|Any CPU.ActiveCfg = Debug|Any CPU
		{FFA547C4-1643-42FC-8C0E-F37A5E8B4A03}.Debug|Any CPU.Build.0 = Debug|Any CPU
		{FFA547C4-1643-42FC-8C0E-F37A5E8B4A03}.Release|Any CPU.ActiveCfg = Release|Any CPU
		{FFA547C4-1643-42FC-8C0E-F37A5E8B4A03}.Release|Any CPU.Build.0 = Release|Any CPU
		{404CBB10-85F8-44DB-982D-B2BFA7DF06F0}.Debug|Any CPU.ActiveCfg = Debug|Any CPU
		{404CBB10-85F8-44DB-982D-B2BFA7DF06F0}.Debug|Any CPU.Build.0 = Debug|Any CPU
		{404CBB10-85F8-44DB-982D-B2BFA7DF06F0}.Release|Any CPU.ActiveCfg = Release|Any CPU
		{404CBB10-85F8-44DB-982D-B2BFA7DF06F0}.Release|Any CPU.Build.0 = Release|Any CPU
	EndGlobalSection
EndGlobal
